{
  "name": "node-app",
  "version": "0.0.0",
  "lockfileVersion": 1,
  "requires": true,
  "dependencies": {
    "jade-bootstrap": {
      "version": "1.0.14",
      "resolved": "https://registry.npmjs.org/jade-bootstrap/-/jade-bootstrap-1.0.14.tgz",
      "integrity": "sha1-x99tRjinKHKZ3HUXXrUAnzJyEeg="
    }
  }
}
